// !$*UTF8*$!
{
	archiveVersion = 1;
	classes = {
	};
	objectVersion = 46;
	objects = {

/* Begin PBXBuildFile section */
		2F5A104E1512B6660017D7D4 /* UIKit.framework in Frameworks */ = {isa = PBXBuildFile; fileRef = 2F5A104D1512B6660017D7D4 /* UIKit.framework */; };
		2F5A10501512B6660017D7D4 /* Foundation.framework in Frameworks */ = {isa = PBXBuildFile; fileRef = 2F5A104F1512B6660017D7D4 /* Foundation.framework */; };
		2F5A10521512B6660017D7D4 /* CoreGraphics.framework in Frameworks */ = {isa = PBXBuildFile; fileRef = 2F5A10511512B6660017D7D4 /* CoreGraphics.framework */; };
		2F5A10581512B6660017D7D4 /* InfoPlist.strings in Resources */ = {isa = PBXBuildFile; fileRef = 2F5A10561512B6660017D7D4 /* InfoPlist.strings */; };
		2F5A105A1512B6660017D7D4 /* main.m in Sources */ = {isa = PBXBuildFile; fileRef = 2F5A10591512B6660017D7D4 /* main.m */; };
		2F5A105E1512B6660017D7D4 /* HappinessAppDelegate.m in Sources */ = {isa = PBXBuildFile; fileRef = 2F5A105D1512B6660017D7D4 /* HappinessAppDelegate.m */; };
		2F5A10611512B6660017D7D4 /* MainStoryboard.storyboard in Resources */ = {isa = PBXBuildFile; fileRef = 2F5A105F1512B6660017D7D4 /* MainStoryboard.storyboard */; };
		2F5A10641512B6660017D7D4 /* HappinessViewController.m in Sources */ = {isa = PBXBuildFile; fileRef = 2F5A10631512B6660017D7D4 /* HappinessViewController.m */; };
		2FC2EFEF15138210003DD509 /* FaceView.m in Sources */ = {isa = PBXBuildFile; fileRef = 2FC2EFEE15138210003DD509 /* FaceView.m */; };
/* End PBXBuildFile section */

/* Begin PBXFileReference section */
		2F5A10491512B6660017D7D4 /* Happiness.app */ = {isa = PBXFileReference; explicitFileType = wrapper.application; includeInIndex = 0; path = Happiness.app; sourceTree = BUILT_PRODUCTS_DIR; };
		2F5A104D1512B6660017D7D4 /* UIKit.framework */ = {isa = PBXFileReference; lastKnownFileType = wrapper.framework; name = UIKit.framework; path = System/Library/Frameworks/UIKit.framework; sourceTree = SDKROOT; };
		2F5A104F1512B6660017D7D4 /* Foundation.framework */ = {isa = PBXFileReference; lastKnownFileType = wrapper.framework; name = Foundation.framework; path = System/Library/Frameworks/Foundation.framework; sourceTree = SDKROOT; };
		2F5A10511512B6660017D7D4 /* CoreGraphics.framework */ = {isa = PBXFileReference; lastKnownFileType = wrapper.framework; name = CoreGraphics.framework; path = System/Library/Frameworks/CoreGraphics.framework; sourceTree = SDKROOT; };
		2F5A10551512B6660017D7D4 /* Happiness-Info.plist */ = {isa = PBXFileReference; lastKnownFileType = text.plist.xml; path = "Happiness-Info.plist"; sourceTree = "<group>"; };
		2F5A10571512B6660017D7D4 /* en */ = {isa = PBXFileReference; lastKnownFileType = text.plist.strings; name = en; path = en.lproj/InfoPlist.strings; sourceTree = "<group>"; };
		2F5A10591512B6660017D7D4 /* main.m */ = {isa = PBXFileReference; lastKnownFileType = sourcecode.c.objc; path = main.m; sourceTree = "<group>"; };
		2F5A105B1512B6660017D7D4 /* Happiness-Prefix.pch */ = {isa = PBXFileReference; lastKnownFileType = sourcecode.c.h; path = "Happiness-Prefix.pch"; sourceTree = "<group>"; };
		2F5A105C1512B6660017D7D4 /* HappinessAppDelegate.h */ = {isa = PBXFileReference; lastKnownFileType = sourcecode.c.h; path = HappinessAppDelegate.h; sourceTree = "<group>"; };
		2F5A105D1512B6660017D7D4 /* HappinessAppDelegate.m */ = {isa = PBXFileReference; lastKnownFileType = sourcecode.c.objc; path = HappinessAppDelegate.m; sourceTree = "<group>"; };
		2F5A10601512B6660017D7D4 /* en */ = {isa = PBXFileReference; lastKnownFileType = file.storyboard; name = en; path = en.lproj/MainStoryboard.storyboard; sourceTree = "<group>"; };
		2F5A10621512B6660017D7D4 /* HappinessViewController.h */ = {isa = PBXFileReference; lastKnownFileType = sourcecode.c.h; path = HappinessViewController.h; sourceTree = "<group>"; };
		2F5A10631512B6660017D7D4 /* HappinessViewController.m */ = {isa = PBXFileReference; lastKnownFileType = sourcecode.c.objc; path = HappinessViewController.m; sourceTree = "<group>"; };
		2FC2EFED15138210003DD509 /* FaceView.h */ = {isa = PBXFileReference; fileEncoding = 4; lastKnownFileType = sourcecode.c.h; path = FaceView.h; sourceTree = "<group>"; };
		2FC2EFEE15138210003DD509 /* FaceView.m */ = {isa = PBXFileReference; fileEncoding = 4; lastKnownFileType = sourcecode.c.objc; path = FaceView.m; sourceTree = "<group>"; };
/* End PBXFileReference section */

/* Begin PBXFrameworksBuildPhase section */
		2F5A10461512B6660017D7D4 /* Frameworks */ = {
			isa = PBXFrameworksBuildPhase;
			buildActionMask = 2147483647;
			files = (
				2F5A104E1512B6660017D7D4 /* UIKit.framework in Frameworks */,
				2F5A10501512B6660017D7D4 /* Foundation.framework in Frameworks */,
				2F5A10521512B6660017D7D4 /* CoreGraphics.framework in Frameworks */,
			);
			runOnlyForDeploymentPostprocessing = 0;
		};
/* End PBXFrameworksBuildPhase section */

/* Begin PBXGroup section */
		2F5A103E1512B6660017D7D4 = {
			isa = PBXGroup;
			children = (
				2F5A10531512B6660017D7D4 /* Happiness */,
				2F5A104C1512B6660017D7D4 /* Frameworks */,
				2F5A104A1512B6660017D7D4 /* Products */,
			);
			sourceTree = "<group>";
		};
		2F5A104A1512B6660017D7D4 /* Products */ = {
			isa = PBXGroup;
			children = (
				2F5A10491512B6660017D7D4 /* Happiness.app */,
			);
			name = Products;
			sourceTree = "<group>";
		};
		2F5A104C1512B6660017D7D4 /* Frameworks */ = {
			isa = PBXGroup;
			children = (
				2F5A104D1512B6660017D7D4 /* UIKit.framework */,
				2F5A104F1512B6660017D7D4 /* Foundation.framework */,
				2F5A10511512B6660017D7D4 /* CoreGraphics.framework */,
			);
			name = Frameworks;
			sourceTree = "<group>";
		};
		2F5A10531512B6660017D7D4 /* Happiness */ = {
			isa = PBXGroup;
			children = (
				2F5A105C1512B6660017D7D4 /* HappinessAppDelegate.h */,
				2F5A105D1512B6660017D7D4 /* HappinessAppDelegate.m */,
				2F5A105F1512B6660017D7D4 /* MainStoryboard.storyboard */,
				2F5A10621512B6660017D7D4 /* HappinessViewController.h */,
				2FC2EFED15138210003DD509 /* FaceView.h */,
				2FC2EFEE15138210003DD509 /* FaceView.m */,
				2F5A10631512B6660017D7D4 /* HappinessViewController.m */,
				2F5A10541512B6660017D7D4 /* Supporting Files */,
			);
			path = Happiness;
			sourceTree = "<group>";
		};
		2F5A10541512B6660017D7D4 /* Supporting Files */ = {
			isa = PBXGroup;
			children = (
				2F5A10551512B6660017D7D4 /* Happiness-Info.plist */,
				2F5A10561512B6660017D7D4 /* InfoPlist.strings */,
				2F5A10591512B6660017D7D4 /* main.m */,
				2F5A105B1512B6660017D7D4 /* Happiness-Prefix.pch */,
			);
			name = "Supporting Files";
			sourceTree = "<group>";
		};
/* End PBXGroup section */

/* Begin PBXNativeTarget section */
		2F5A10481512B6660017D7D4 /* Happiness */ = {
			isa = PBXNativeTarget;
			buildConfigurationList = 2F5A10671512B6660017D7D4 /* Build configuration list for PBXNativeTarget "Happiness" */;
			buildPhases = (
				2F5A10451512B6660017D7D4 /* Sources */,
				2F5A10461512B6660017D7D4 /* Frameworks */,
				2F5A10471512B6660017D7D4 /* Resources */,
			);
			buildRules = (
			);
			dependencies = (
			);
			name = Happiness;
			productName = Happiness;
			productReference = 2F5A10491512B6660017D7D4 /* Happiness.app */;
			productType = "com.apple.product-type.application";
		};
/* End PBXNativeTarget section */

/* Begin PBXProject section */
		2F5A10401512B6660017D7D4 /* Project object */ = {
			isa = PBXProject;
			attributes = {
				CLASSPREFIX = Happiness;
				LastUpgradeCheck = 0430;
			};
			buildConfigurationList = 2F5A10431512B6660017D7D4 /* Build configuration list for PBXProject "Happiness" */;
			compatibilityVersion = "Xcode 3.2";
			developmentRegion = English;
			hasScannedForEncodings = 0;
			knownRegions = (
				en,
			);
			mainGroup = 2F5A103E1512B6660017D7D4;
			productRefGroup = 2F5A104A1512B6660017D7D4 /* Products */;
			projectDirPath = "";
			projectRoot = "";
			targets = (
				2F5A10481512B6660017D7D4 /* Happiness */,
			);
		};
/* End PBXProject section */

/* Begin PBXResourcesBuildPhase section */
		2F5A10471512B6660017D7D4 /* Resources */ = {
			isa = PBXResourcesBuildPhase;
			buildActionMask = 2147483647;
			files = (
				2F5A10581512B6660017D7D4 /* InfoPlist.strings in Resources */,
				2F5A10611512B6660017D7D4 /* MainStoryboard.storyboard in Resources */,
			);
			runOnlyForDeploymentPostprocessing = 0;
		};
/* End PBXResourcesBuildPhase section */

/* Begin PBXSourcesBuildPhase section */
		2F5A10451512B6660017D7D4 /* Sources */ = {
			isa = PBXSourcesBuildPhase;
			buildActionMask = 2147483647;
			files = (
				2F5A105A1512B6660017D7D4 /* main.m in Sources */,
				2F5A105E1512B6660017D7D4 /* HappinessAppDelegate.m in Sources */,
				2F5A10641512B6660017D7D4 /* HappinessViewController.m in Sources */,
				2FC2EFEF15138210003DD509 /* FaceView.m in Sources */,
			);
			runOnlyForDeploymentPostprocessing = 0;
		};
/* End PBXSourcesBuildPhase section */

/* Begin PBXVariantGroup section */
		2F5A10561512B6660017D7D4 /* InfoPlist.strings */ = {
			isa = PBXVariantGroup;
			children = (
				2F5A10571512B6660017D7D4 /* en */,
			);
			name = InfoPlist.strings;
			sourceTree = "<group>";
		};
		2F5A105F1512B6660017D7D4 /* MainStoryboard.storyboard */ = {
			isa = PBXVariantGroup;
			children = (
				2F5A10601512B6660017D7D4 /* en */,
			);
			name = MainStoryboard.storyboard;
			sourceTree = "<group>";
		};
/* End PBXVariantGroup section */

/* Begin XCBuildConfiguration section */
		2F5A10651512B6660017D7D4 /* Debug */ = {
			isa = XCBuildConfiguration;
			buildSettings = {
				ALWAYS_SEARCH_USER_PATHS = NO;
				ARCHS = "$(ARCHS_STANDARD_32_BIT)";
				CLANG_ENABLE_OBJC_ARC = YES;
				"CODE_SIGN_IDENTITY[sdk=iphoneos*]" = "iPhone Developer";
				COPY_PHASE_STRIP = NO;
				GCC_C_LANGUAGE_STANDARD = gnu99;
				GCC_DYNAMIC_NO_PIC = NO;
				GCC_OPTIMIZATION_LEVEL = 0;
				GCC_PREPROCESSOR_DEFINITIONS = (
					"DEBUG=1",
					"$(inherited)",
				);
				GCC_SYMBOLS_PRIVATE_EXTERN = NO;
				GCC_VERSION = com.apple.compilers.llvm.clang.1_0;
				GCC_WARN_ABOUT_RETURN_TYPE = YES;
				GCC_WARN_UNINITIALIZED_AUTOS = YES;
				GCC_WARN_UNUSED_VARIABLE = YES;
				IPHONEOS_DEPLOYMENT_TARGET = 5.1;
				SDKROOT = iphoneos;
			};
			name = Debug;
		};
		2F5A10661512B6660017D7D4 /* Release */ = {
			isa = XCBuildConfiguration;
			buildSettings = {
				ALWAYS_SEARCH_USER_PATHS = NO;
				ARCHS = "$(ARCHS_STANDARD_32_BIT)";
				CLANG_ENABLE_OBJC_ARC = YES;
				"CODE_SIGN_IDENTITY[sdk=iphoneos*]" = "iPhone Developer";
				COPY_PHASE_STRIP = YES;
				GCC_C_LANGUAGE_STANDARD = gnu99;
				GCC_VERSION = com.apple.compilers.llvm.clang.1_0;
				GCC_WARN_ABOUT_RETURN_TYPE = YES;
				GCC_WARN_UNINITIALIZED_AUTOS = YES;
				GCC_WARN_UNUSED_VARIABLE = YES;
				IPHONEOS_DEPLOYMENT_TARGET = 5.1;
				OTHER_CFLAGS = "-DNS_BLOCK_ASSERTIONS=1";
				SDKROOT = iphoneos;
				VALIDATE_PRODUCT = YES;
			};
			name = Release;
		};
		2F5A10681512B6660017D7D4 /* Debug */ = {
			isa = XCBuildConfiguration;
			buildSettings = {
				GCC_PRECOMPILE_PREFIX_HEADER = YES;
				GCC_PREFIX_HEADER = "Happiness/Happiness-Prefix.pch";
				INFOPLIST_FILE = "Happiness/Happiness-Info.plist";
				PRODUCT_NAME = "$(TARGET_NAME)";
				WRAPPER_EXTENSION = app;
			};
			name = Debug;
		};
		2F5A10691512B6660017D7D4 /* Release */ = {
			isa = XCBuildConfiguration;
			buildSettings = {
				GCC_PRECOMPILE_PREFIX_HEADER = YES;
				GCC_PREFIX_HEADER = "Happiness/Happiness-Prefix.pch";
				INFOPLIST_FILE = "Happiness/Happiness-Info.plist";
				PRODUCT_NAME = "$(TARGET_NAME)";
				WRAPPER_EXTENSION = app;
			};
			name = Release;
		};
/* End XCBuildConfiguration section */

/* Begin XCConfigurationList section */
		2F5A10431512B6660017D7D4 /* Build configuration list for PBXProject "Happiness" */ = {
			isa = XCConfigurationList;
			buildConfigurations = (
				2F5A10651512B6660017D7D4 /* Debug */,
				2F5A10661512B6660017D7D4 /* Release */,
			);
			defaultConfigurationIsVisible = 0;
			defaultConfigurationName = Release;
		};
		2F5A10671512B6660017D7D4 /* Build configuration list for PBXNativeTarget "Happiness" */ = {
			isa = XCConfigurationList;
			buildConfigurations = (
				2F5A10681512B6660017D7D4 /* Debug */,
				2F5A10691512B6660017D7D4 /* Release */,
			);
			defaultConfigurationIsVisible = 0;
			defaultConfigurationName = Release;
		};
/* End XCConfigurationList section */
	};
	rootObject = 2F5A10401512B6660017D7D4 /* Project object */;
}
