// !$*UTF8*$!
{
	archiveVersion = 1;
	classes = {
	};
	objectVersion = 46;
	objects = {

/* Begin PBXBuildFile section */
		2F0918FF151659520081CC55 /* UIKit.framework in Frameworks */ = {isa = PBXBuildFile; fileRef = 2F0918FE151659520081CC55 /* UIKit.framework */; };
		2F091901151659520081CC55 /* Foundation.framework in Frameworks */ = {isa = PBXBuildFile; fileRef = 2F091900151659520081CC55 /* Foundation.framework */; };
		2F091903151659520081CC55 /* CoreGraphics.framework in Frameworks */ = {isa = PBXBuildFile; fileRef = 2F091902151659520081CC55 /* CoreGraphics.framework */; };
		2F091909151659520081CC55 /* InfoPlist.strings in Resources */ = {isa = PBXBuildFile; fileRef = 2F091907151659520081CC55 /* InfoPlist.strings */; };
		2F09190B151659520081CC55 /* main.m in Sources */ = {isa = PBXBuildFile; fileRef = 2F09190A151659520081CC55 /* main.m */; };
		2F09190F151659520081CC55 /* PsychologistAppDelegate.m in Sources */ = {isa = PBXBuildFile; fileRef = 2F09190E151659520081CC55 /* PsychologistAppDelegate.m */; };
		2F091912151659520081CC55 /* MainStoryboard.storyboard in Resources */ = {isa = PBXBuildFile; fileRef = 2F091910151659520081CC55 /* MainStoryboard.storyboard */; };
		2F091915151659520081CC55 /* PsychologistViewController.m in Sources */ = {isa = PBXBuildFile; fileRef = 2F091914151659520081CC55 /* PsychologistViewController.m */; };
/* End PBXBuildFile section */

/* Begin PBXFileReference section */
		2F0918FA151659520081CC55 /* Psychologist.app */ = {isa = PBXFileReference; explicitFileType = wrapper.application; includeInIndex = 0; path = Psychologist.app; sourceTree = BUILT_PRODUCTS_DIR; };
		2F0918FE151659520081CC55 /* UIKit.framework */ = {isa = PBXFileReference; lastKnownFileType = wrapper.framework; name = UIKit.framework; path = System/Library/Frameworks/UIKit.framework; sourceTree = SDKROOT; };
		2F091900151659520081CC55 /* Foundation.framework */ = {isa = PBXFileReference; lastKnownFileType = wrapper.framework; name = Foundation.framework; path = System/Library/Frameworks/Foundation.framework; sourceTree = SDKROOT; };
		2F091902151659520081CC55 /* CoreGraphics.framework */ = {isa = PBXFileReference; lastKnownFileType = wrapper.framework; name = CoreGraphics.framework; path = System/Library/Frameworks/CoreGraphics.framework; sourceTree = SDKROOT; };
		2F091906151659520081CC55 /* Psychologist-Info.plist */ = {isa = PBXFileReference; lastKnownFileType = text.plist.xml; path = "Psychologist-Info.plist"; sourceTree = "<group>"; };
		2F091908151659520081CC55 /* en */ = {isa = PBXFileReference; lastKnownFileType = text.plist.strings; name = en; path = en.lproj/InfoPlist.strings; sourceTree = "<group>"; };
		2F09190A151659520081CC55 /* main.m */ = {isa = PBXFileReference; lastKnownFileType = sourcecode.c.objc; path = main.m; sourceTree = "<group>"; };
		2F09190C151659520081CC55 /* Psychologist-Prefix.pch */ = {isa = PBXFileReference; lastKnownFileType = sourcecode.c.h; path = "Psychologist-Prefix.pch"; sourceTree = "<group>"; };
		2F09190D151659520081CC55 /* PsychologistAppDelegate.h */ = {isa = PBXFileReference; lastKnownFileType = sourcecode.c.h; path = PsychologistAppDelegate.h; sourceTree = "<group>"; };
		2F09190E151659520081CC55 /* PsychologistAppDelegate.m */ = {isa = PBXFileReference; lastKnownFileType = sourcecode.c.objc; path = PsychologistAppDelegate.m; sourceTree = "<group>"; };
		2F091911151659520081CC55 /* en */ = {isa = PBXFileReference; lastKnownFileType = file.storyboard; name = en; path = en.lproj/MainStoryboard.storyboard; sourceTree = "<group>"; };
		2F091913151659520081CC55 /* PsychologistViewController.h */ = {isa = PBXFileReference; lastKnownFileType = sourcecode.c.h; path = PsychologistViewController.h; sourceTree = "<group>"; };
		2F091914151659520081CC55 /* PsychologistViewController.m */ = {isa = PBXFileReference; lastKnownFileType = sourcecode.c.objc; path = PsychologistViewController.m; sourceTree = "<group>"; };
/* End PBXFileReference section */

/* Begin PBXFrameworksBuildPhase section */
		2F0918F7151659520081CC55 /* Frameworks */ = {
			isa = PBXFrameworksBuildPhase;
			buildActionMask = 2147483647;
			files = (
				2F0918FF151659520081CC55 /* UIKit.framework in Frameworks */,
				2F091901151659520081CC55 /* Foundation.framework in Frameworks */,
				2F091903151659520081CC55 /* CoreGraphics.framework in Frameworks */,
			);
			runOnlyForDeploymentPostprocessing = 0;
		};
/* End PBXFrameworksBuildPhase section */

/* Begin PBXGroup section */
		2F0918EF151659520081CC55 = {
			isa = PBXGroup;
			children = (
				2F091904151659520081CC55 /* Psychologist */,
				2F0918FD151659520081CC55 /* Frameworks */,
				2F0918FB151659520081CC55 /* Products */,
			);
			sourceTree = "<group>";
		};
		2F0918FB151659520081CC55 /* Products */ = {
			isa = PBXGroup;
			children = (
				2F0918FA151659520081CC55 /* Psychologist.app */,
			);
			name = Products;
			sourceTree = "<group>";
		};
		2F0918FD151659520081CC55 /* Frameworks */ = {
			isa = PBXGroup;
			children = (
				2F0918FE151659520081CC55 /* UIKit.framework */,
				2F091900151659520081CC55 /* Foundation.framework */,
				2F091902151659520081CC55 /* CoreGraphics.framework */,
			);
			name = Frameworks;
			sourceTree = "<group>";
		};
		2F091904151659520081CC55 /* Psychologist */ = {
			isa = PBXGroup;
			children = (
				2F09190D151659520081CC55 /* PsychologistAppDelegate.h */,
				2F09190E151659520081CC55 /* PsychologistAppDelegate.m */,
				2F091910151659520081CC55 /* MainStoryboard.storyboard */,
				2F091913151659520081CC55 /* PsychologistViewController.h */,
				2F091914151659520081CC55 /* PsychologistViewController.m */,
				2F091905151659520081CC55 /* Supporting Files */,
			);
			path = Psychologist;
			sourceTree = "<group>";
		};
		2F091905151659520081CC55 /* Supporting Files */ = {
			isa = PBXGroup;
			children = (
				2F091906151659520081CC55 /* Psychologist-Info.plist */,
				2F091907151659520081CC55 /* InfoPlist.strings */,
				2F09190A151659520081CC55 /* main.m */,
				2F09190C151659520081CC55 /* Psychologist-Prefix.pch */,
			);
			name = "Supporting Files";
			sourceTree = "<group>";
		};
/* End PBXGroup section */

/* Begin PBXNativeTarget section */
		2F0918F9151659520081CC55 /* Psychologist */ = {
			isa = PBXNativeTarget;
			buildConfigurationList = 2F091918151659520081CC55 /* Build configuration list for PBXNativeTarget "Psychologist" */;
			buildPhases = (
				2F0918F6151659520081CC55 /* Sources */,
				2F0918F7151659520081CC55 /* Frameworks */,
				2F0918F8151659520081CC55 /* Resources */,
			);
			buildRules = (
			);
			dependencies = (
			);
			name = Psychologist;
			productName = Psychologist;
			productReference = 2F0918FA151659520081CC55 /* Psychologist.app */;
			productType = "com.apple.product-type.application";
		};
/* End PBXNativeTarget section */

/* Begin PBXProject section */
		2F0918F1151659520081CC55 /* Project object */ = {
			isa = PBXProject;
			attributes = {
				CLASSPREFIX = Psychologist;
				LastUpgradeCheck = 0430;
			};
			buildConfigurationList = 2F0918F4151659520081CC55 /* Build configuration list for PBXProject "Psychologist" */;
			compatibilityVersion = "Xcode 3.2";
			developmentRegion = English;
			hasScannedForEncodings = 0;
			knownRegions = (
				en,
			);
			mainGroup = 2F0918EF151659520081CC55;
			productRefGroup = 2F0918FB151659520081CC55 /* Products */;
			projectDirPath = "";
			projectRoot = "";
			targets = (
				2F0918F9151659520081CC55 /* Psychologist */,
			);
		};
/* End PBXProject section */

/* Begin PBXResourcesBuildPhase section */
		2F0918F8151659520081CC55 /* Resources */ = {
			isa = PBXResourcesBuildPhase;
			buildActionMask = 2147483647;
			files = (
				2F091909151659520081CC55 /* InfoPlist.strings in Resources */,
				2F091912151659520081CC55 /* MainStoryboard.storyboard in Resources */,
			);
			runOnlyForDeploymentPostprocessing = 0;
		};
/* End PBXResourcesBuildPhase section */

/* Begin PBXSourcesBuildPhase section */
		2F0918F6151659520081CC55 /* Sources */ = {
			isa = PBXSourcesBuildPhase;
			buildActionMask = 2147483647;
			files = (
				2F09190B151659520081CC55 /* main.m in Sources */,
				2F09190F151659520081CC55 /* PsychologistAppDelegate.m in Sources */,
				2F091915151659520081CC55 /* PsychologistViewController.m in Sources */,
			);
			runOnlyForDeploymentPostprocessing = 0;
		};
/* End PBXSourcesBuildPhase section */

/* Begin PBXVariantGroup section */
		2F091907151659520081CC55 /* InfoPlist.strings */ = {
			isa = PBXVariantGroup;
			children = (
				2F091908151659520081CC55 /* en */,
			);
			name = InfoPlist.strings;
			sourceTree = "<group>";
		};
		2F091910151659520081CC55 /* MainStoryboard.storyboard */ = {
			isa = PBXVariantGroup;
			children = (
				2F091911151659520081CC55 /* en */,
			);
			name = MainStoryboard.storyboard;
			sourceTree = "<group>";
		};
/* End PBXVariantGroup section */

/* Begin XCBuildConfiguration section */
		2F091916151659520081CC55 /* Debug */ = {
			isa = XCBuildConfiguration;
			buildSettings = {
				ALWAYS_SEARCH_USER_PATHS = NO;
				ARCHS = "$(ARCHS_STANDARD_32_BIT)";
				CLANG_ENABLE_OBJC_ARC = YES;
				"CODE_SIGN_IDENTITY[sdk=iphoneos*]" = "iPhone Developer";
				COPY_PHASE_STRIP = NO;
				GCC_C_LANGUAGE_STANDARD = gnu99;
				GCC_DYNAMIC_NO_PIC = NO;
				GCC_OPTIMIZATION_LEVEL = 0;
				GCC_PREPROCESSOR_DEFINITIONS = (
					"DEBUG=1",
					"$(inherited)",
				);
				GCC_SYMBOLS_PRIVATE_EXTERN = NO;
				GCC_VERSION = com.apple.compilers.llvm.clang.1_0;
				GCC_WARN_ABOUT_RETURN_TYPE = YES;
				GCC_WARN_UNINITIALIZED_AUTOS = YES;
				GCC_WARN_UNUSED_VARIABLE = YES;
				IPHONEOS_DEPLOYMENT_TARGET = 5.1;
				SDKROOT = iphoneos;
			};
			name = Debug;
		};
		2F091917151659520081CC55 /* Release */ = {
			isa = XCBuildConfiguration;
			buildSettings = {
				ALWAYS_SEARCH_USER_PATHS = NO;
				ARCHS = "$(ARCHS_STANDARD_32_BIT)";
				CLANG_ENABLE_OBJC_ARC = YES;
				"CODE_SIGN_IDENTITY[sdk=iphoneos*]" = "iPhone Developer";
				COPY_PHASE_STRIP = YES;
				GCC_C_LANGUAGE_STANDARD = gnu99;
				GCC_VERSION = com.apple.compilers.llvm.clang.1_0;
				GCC_WARN_ABOUT_RETURN_TYPE = YES;
				GCC_WARN_UNINITIALIZED_AUTOS = YES;
				GCC_WARN_UNUSED_VARIABLE = YES;
				IPHONEOS_DEPLOYMENT_TARGET = 5.1;
				OTHER_CFLAGS = "-DNS_BLOCK_ASSERTIONS=1";
				SDKROOT = iphoneos;
				VALIDATE_PRODUCT = YES;
			};
			name = Release;
		};
		2F091919151659520081CC55 /* Debug */ = {
			isa = XCBuildConfiguration;
			buildSettings = {
				GCC_PRECOMPILE_PREFIX_HEADER = YES;
				GCC_PREFIX_HEADER = "Psychologist/Psychologist-Prefix.pch";
				INFOPLIST_FILE = "Psychologist/Psychologist-Info.plist";
				PRODUCT_NAME = "$(TARGET_NAME)";
				WRAPPER_EXTENSION = app;
			};
			name = Debug;
		};
		2F09191A151659520081CC55 /* Release */ = {
			isa = XCBuildConfiguration;
			buildSettings = {
				GCC_PRECOMPILE_PREFIX_HEADER = YES;
				GCC_PREFIX_HEADER = "Psychologist/Psychologist-Prefix.pch";
				INFOPLIST_FILE = "Psychologist/Psychologist-Info.plist";
				PRODUCT_NAME = "$(TARGET_NAME)";
				WRAPPER_EXTENSION = app;
			};
			name = Release;
		};
/* End XCBuildConfiguration section */

/* Begin XCConfigurationList section */
		2F0918F4151659520081CC55 /* Build configuration list for PBXProject "Psychologist" */ = {
			isa = XCConfigurationList;
			buildConfigurations = (
				2F091916151659520081CC55 /* Debug */,
				2F091917151659520081CC55 /* Release */,
			);
			defaultConfigurationIsVisible = 0;
			defaultConfigurationName = Release;
		};
		2F091918151659520081CC55 /* Build configuration list for PBXNativeTarget "Psychologist" */ = {
			isa = XCConfigurationList;
			buildConfigurations = (
				2F091919151659520081CC55 /* Debug */,
				2F09191A151659520081CC55 /* Release */,
			);
			defaultConfigurationIsVisible = 0;
		};
/* End XCConfigurationList section */
	};
	rootObject = 2F0918F1151659520081CC55 /* Project object */;
}
